
Microsoft Visual Studio Solution File, Format Version 12.00
# Visual Studio Version 17
VisualStudioVersion = 17.8.34408.163
MinimumVisualStudioVersion = 10.0.40219.1
Project("{FAE04EC0-301F-11D3-BF4B-00C04F79EFBC}") = "IMS_BE", "IMS_BE\IMS_BE.csproj", "{6E89F53A-5D6D-4C57-80FC-050572EC410D}"
EndProject
Global
	GlobalSection(SolutionConfigurationPlatforms) = preSolution
		Debug|Any CPU = Debug|Any CPU
		Release|Any CPU = Release|Any CPU
	EndGlobalSection
	GlobalSection(ProjectConfigurationPlatforms) = postSolution
		{6E89F53A-5D6D-4C57-80FC-050572EC410D}.Debug|Any CPU.ActiveCfg = Debug|Any CPU
		{6E89F53A-5D6D-4C57-80FC-050572EC410D}.Debug|Any CPU.Build.0 = Debug|Any CPU
		{6E89F53A-5D6D-4C57-80FC-050572EC410D}.Release|Any CPU.ActiveCfg = Release|Any CPU
		{6E89F53A-5D6D-4C57-80FC-050572EC410D}.Release|Any CPU.Build.0 = Release|Any CPU
	EndGlobalSection
	GlobalSection(SolutionProperties) = preSolution
		HideSolutionNode = FALSE
	EndGlobalSection
	GlobalSection(ExtensibilityGlobals) = postSolution
		SolutionGuid = {00B80144-89D0-4116-8698-460A33B06BA3}
	EndGlobalSection
EndGlobal
